{
  "name": "@jarrodldavis/changelog-version-bump",
  "version": "0.0.1",
  "lockfileVersion": 1,
  "requires": true,
  "dependencies": {
    "@types/node": {
      "version": "11.9.0",
      "resolved": "https://registry.npmjs.org/@types/node/-/node-11.9.0.tgz",
      "integrity": "sha512-ry4DOrC+xenhQbzk1iIPzCZGhhPGEFv7ia7Iu6XXSLVluiJIe9FfG7Iu3mObH9mpxEXCWLCMU4JWbCCR9Oy1Zg==",
      "dev": true
    },
    "@types/unist": {
      "version": "2.0.2",
      "resolved": "https://registry.npmjs.org/@types/unist/-/unist-2.0.2.tgz",
      "integrity": "sha512-iHI60IbyfQilNubmxsq4zqSjdynlmc2Q/QvH9kjzg9+CCYVVzq1O6tc7VBzSygIwnmOt07w80IG6HDQvjv3Liw==",
      "dev": true
    },
    "@types/vfile": {
      "version": "3.0.2",
      "resolved": "https://registry.npmjs.org/@types/vfile/-/vfile-3.0.2.tgz",
      "integrity": "sha512-b3nLFGaGkJ9rzOcuXRfHkZMdjsawuDD0ENL9fzTophtBg8FJHSGbH7daXkEpcwy3v7Xol3pAvsmlYyFhR4pqJw==",
      "dev": true,
      "requires": {
        "@types/node": "*",
        "@types/unist": "*",
        "@types/vfile-message": "*"
      }
    },
    "@types/vfile-message": {
      "version": "1.0.1",
      "resolved": "https://registry.npmjs.org/@types/vfile-message/-/vfile-message-1.0.1.tgz",
      "integrity": "sha512-mlGER3Aqmq7bqR1tTTIVHq8KSAFFRyGbrxuM8C/H82g6k7r2fS+IMEkIu3D7JHzG10NvPdR8DNx0jr0pwpp4dA==",
      "dev": true,
      "requires": {
        "@types/node": "*",
        "@types/unist": "*"
      }
    },
    "bail": {
      "version": "1.0.3",
      "resolved": "https://registry.npmjs.org/bail/-/bail-1.0.3.tgz",
      "integrity": "sha512-1X8CnjFVQ+a+KW36uBNMTU5s8+v5FzeqrP7hTG5aTb4aPreSbZJlhwPon9VKMuEVgV++JM+SQrALY3kr7eswdg==",
      "dev": true
    },
    "balanced-match": {
      "version": "1.0.0",
      "resolved": "https://registry.npmjs.org/balanced-match/-/balanced-match-1.0.0.tgz",
      "integrity": "sha1-ibTRmasr7kneFk6gK4nORi1xt2c=",
      "dev": true
    },
    "brace-expansion": {
      "version": "1.1.11",
      "resolved": "https://registry.npmjs.org/brace-expansion/-/brace-expansion-1.1.11.tgz",
      "integrity": "sha512-iCuPHDFgrHX7H2vEI/5xpz07zSHB00TpugqhmYtVmMO6518mCuRMoOYFldEBl0g187ufozdaHgWKcYFb61qGiA==",
      "dev": true,
      "requires": {
        "balanced-match": "^1.0.0",
        "concat-map": "0.0.1"
      }
    },
    "concat-map": {
      "version": "0.0.1",
      "resolved": "https://registry.npmjs.org/concat-map/-/concat-map-0.0.1.tgz",
      "integrity": "sha1-2Klr13/Wjfd5OnMDajug1UBdR3s=",
      "dev": true
    },
    "extend": {
      "version": "3.0.2",
      "resolved": "https://registry.npmjs.org/extend/-/extend-3.0.2.tgz",
      "integrity": "sha512-fjquC59cD7CyW6urNXK0FBufkZcoiGG80wTuPujX590cB5Ttln20E2UB4S/WARVqhXffZl2LNgS+gQdPIIim/g==",
      "dev": true
    },
    "fs.realpath": {
      "version": "1.0.0",
      "resolved": "https://registry.npmjs.org/fs.realpath/-/fs.realpath-1.0.0.tgz",
      "integrity": "sha1-FQStJSMVjKpA20onh8sBQRmU6k8=",
      "dev": true
    },
    "getprototypeof": {
      "version": "1.0.0",
      "resolved": "https://registry.npmjs.org/getprototypeof/-/getprototypeof-1.0.0.tgz",
      "integrity": "sha1-p2g+qoJVMNAQrM8dbZLl7QUXklw=",
      "dev": true
    },
    "glob": {
      "version": "7.1.3",
      "resolved": "https://registry.npmjs.org/glob/-/glob-7.1.3.tgz",
      "integrity": "sha512-vcfuiIxogLV4DlGBHIUOwI0IbrJ8HWPc4MU7HzviGeNho/UJDfi6B5p3sHeWIQ0KGIU0Jpxi5ZHxemQfLkkAwQ==",
      "dev": true,
      "requires": {
        "fs.realpath": "^1.0.0",
        "inflight": "^1.0.4",
        "inherits": "2",
        "minimatch": "^3.0.4",
        "once": "^1.3.0",
        "path-is-absolute": "^1.0.0"
      }
    },
    "indent-string": {
      "version": "3.2.0",
      "resolved": "https://registry.npmjs.org/indent-string/-/indent-string-3.2.0.tgz",
      "integrity": "sha1-Sl/W0nzDMvN+VBmlBNu4NxBckok=",
      "dev": true
    },
    "inflight": {
      "version": "1.0.6",
      "resolved": "https://registry.npmjs.org/inflight/-/inflight-1.0.6.tgz",
      "integrity": "sha1-Sb1jMdfQLQwJvJEKEHW6gWW1bfk=",
      "dev": true,
      "requires": {
        "once": "^1.3.0",
        "wrappy": "1"
      }
    },
    "inherits": {
      "version": "2.0.3",
      "resolved": "https://registry.npmjs.org/inherits/-/inherits-2.0.3.tgz",
      "integrity": "sha1-Yzwsg+PaQqUC9SRmAiSA9CCCYd4=",
      "dev": true
    },
    "is-buffer": {
      "version": "2.0.3",
      "resolved": "https://registry.npmjs.org/is-buffer/-/is-buffer-2.0.3.tgz",
      "integrity": "sha512-U15Q7MXTuZlrbymiz95PJpZxu8IlipAp4dtS3wOdgPXx3mqBnslrWU14kxfHB+Py/+2PVKSr37dMAgM2A4uArw==",
      "dev": true
    },
    "is-empty": {
      "version": "1.2.0",
      "resolved": "https://registry.npmjs.org/is-empty/-/is-empty-1.2.0.tgz",
      "integrity": "sha1-3pu1snhzigWgsJpX4ftNSjQan2s=",
      "dev": true
    },
    "is-object": {
      "version": "1.0.1",
      "resolved": "https://registry.npmjs.org/is-object/-/is-object-1.0.1.tgz",
      "integrity": "sha1-iVJojF7C/9awPsyF52ngKQMINHA=",
      "dev": true
    },
    "is-plain-obj": {
      "version": "1.1.0",
      "resolved": "https://registry.npmjs.org/is-plain-obj/-/is-plain-obj-1.1.0.tgz",
      "integrity": "sha1-caUMhCnfync8kqOQpKA7OfzVHT4=",
      "dev": true
    },
    "jasmine": {
      "version": "3.3.1",
      "resolved": "https://registry.npmjs.org/jasmine/-/jasmine-3.3.1.tgz",
      "integrity": "sha512-/vU3/H7U56XsxIXHwgEuWpCgQ0bRi2iiZeUpx7Nqo8n1TpoDHfZhkPIc7CO8I4pnMzYsi3XaSZEiy8cnTfujng==",
      "dev": true,
      "requires": {
        "glob": "^7.0.6",
        "jasmine-core": "~3.3.0"
      }
    },
    "jasmine-core": {
      "version": "3.3.0",
      "resolved": "https://registry.npmjs.org/jasmine-core/-/jasmine-core-3.3.0.tgz",
      "integrity": "sha512-3/xSmG/d35hf80BEN66Y6g9Ca5l/Isdeg/j6zvbTYlTzeKinzmaTM4p9am5kYqOmE05D7s1t8FGjzdSnbUbceA==",
      "dev": true
    },
    "mapz": {
      "version": "1.0.2",
      "resolved": "https://registry.npmjs.org/mapz/-/mapz-1.0.2.tgz",
      "integrity": "sha512-NuY43BoHy5K4jVg3/oD+g8ysNwdXY3HB5UankVWoikxT9YMqgCYC77pNRENTm/DfslLxPFEOyJUw9h9isRty6w==",
      "requires": {
        "x-is-array": "^0.1.0"
      }
    },
    "mdast-util-assert": {
      "version": "2.0.0",
      "resolved": "https://registry.npmjs.org/mdast-util-assert/-/mdast-util-assert-2.0.0.tgz",
      "integrity": "sha512-zFQwM9RSqkciESOvMpsRQ4qacNVpHDi6vZQpEHOxUp6kFjYIfFHTXvd4K+2Pd7V9ImZygr3n/QfFCGUIdPe7IA==",
      "requires": {
        "mapz": "^1.0.0",
        "unist-util-assert": "^1.0.0",
        "x-is-array": "^0.1.0",
        "zwitch": "^1.0.0"
      }
    },
    "minimatch": {
      "version": "3.0.4",
      "resolved": "https://registry.npmjs.org/minimatch/-/minimatch-3.0.4.tgz",
      "integrity": "sha512-yJHVQEhyqPLUTgt9B83PXu6W3rx4MvvHvSUvToogpwoGDOUQ+yDrR0HRot+yOCdCO7u4hX3pWft6kWBBcqh0UA==",
      "dev": true,
      "requires": {
        "brace-expansion": "^1.1.7"
      }
    },
    "object-assign": {
      "version": "4.1.1",
      "resolved": "https://registry.npmjs.org/object-assign/-/object-assign-4.1.1.tgz",
      "integrity": "sha1-IQmtx5ZYh8/AXLvUQsrIv7s2CGM="
    },
    "once": {
      "version": "1.4.0",
      "resolved": "https://registry.npmjs.org/once/-/once-1.4.0.tgz",
      "integrity": "sha1-WDsap3WWHUsROsF9nFC6753Xa9E=",
      "dev": true,
      "requires": {
        "wrappy": "1"
      }
    },
    "path-is-absolute": {
      "version": "1.0.1",
      "resolved": "https://registry.npmjs.org/path-is-absolute/-/path-is-absolute-1.0.1.tgz",
      "integrity": "sha1-F0uSaHNVNP+8es5r9TpanhtcX18=",
      "dev": true
    },
    "replace-ext": {
      "version": "1.0.0",
      "resolved": "https://registry.npmjs.org/replace-ext/-/replace-ext-1.0.0.tgz",
      "integrity": "sha1-3mMSg3P8v3w8z6TeWkgMRaZ5WOs=",
      "dev": true
    },
    "trough": {
      "version": "1.0.3",
      "resolved": "https://registry.npmjs.org/trough/-/trough-1.0.3.tgz",
      "integrity": "sha512-fwkLWH+DimvA4YCy+/nvJd61nWQQ2liO/nF/RjkTpiOGi+zxZzVkhb1mvbHIIW4b/8nDsYI8uTmAlc0nNkRMOw==",
      "dev": true
    },
    "unified": {
      "version": "7.1.0",
      "resolved": "https://registry.npmjs.org/unified/-/unified-7.1.0.tgz",
      "integrity": "sha512-lbk82UOIGuCEsZhPj8rNAkXSDXd6p0QLzIuSsCdxrqnqU56St4eyOB+AlXsVgVeRmetPTYydIuvFfpDIed8mqw==",
      "dev": true,
      "requires": {
        "@types/unist": "^2.0.0",
        "@types/vfile": "^3.0.0",
        "bail": "^1.0.0",
        "extend": "^3.0.0",
        "is-plain-obj": "^1.1.0",
        "trough": "^1.0.0",
        "vfile": "^3.0.0",
        "x-is-string": "^0.1.0"
      }
    },
    "unist-builder": {
      "version": "1.0.3",
      "resolved": "https://registry.npmjs.org/unist-builder/-/unist-builder-1.0.3.tgz",
      "integrity": "sha512-/KB8GEaoeHRyIqClL+Kam+Y5NWJ6yEiPsAfv1M+O1p+aKGgjR89WwoEHKTyOj17L6kAlqtKpAgv2nWvdbQDEig==",
      "dev": true,
      "requires": {
        "object-assign": "^4.1.0"
      }
    },
    "unist-diff": {
      "version": "2.0.0",
      "resolved": "https://registry.npmjs.org/unist-diff/-/unist-diff-2.0.0.tgz",
      "integrity": "sha1-tdCYs6dTiAfuvNkun8TY7xMn0ys=",
      "dev": true,
      "requires": {
        "getprototypeof": "^1.0.0",
        "is-object": "^1.0.1",
        "unist-util-size": "^1.0.0",
        "x-is-array": "^0.1.0"
      }
    },
    "unist-util-assert": {
      "version": "1.0.3",
      "resolved": "https://registry.npmjs.org/unist-util-assert/-/unist-util-assert-1.0.3.tgz",
      "integrity": "sha512-0b1jHm8h5Hbz/prQAcg36uUUQeNaih09iwDBMxNrD2gejL7fs6W12jUJgwuHi+OC4fRztpPbNIbMnfspemmdGQ==",
      "requires": {
        "x-is-array": "^0.1.0",
        "x-is-object": "^0.1.0"
      }
    },
    "unist-util-inspect": {
      "version": "4.1.3",
      "resolved": "https://registry.npmjs.org/unist-util-inspect/-/unist-util-inspect-4.1.3.tgz",
      "integrity": "sha512-Fv9R88ZBbDp7mHN+wsbxS1r8VW3unyhZh/F18dcJRQsg0+g3DxNQnMS+AEG/uotB8Md+HMK/TfzSU5lUDWxkZg==",
      "dev": true,
      "requires": {
        "is-empty": "^1.0.0"
      }
    },
    "unist-util-is": {
      "version": "2.1.2",
      "resolved": "https://registry.npmjs.org/unist-util-is/-/unist-util-is-2.1.2.tgz",
      "integrity": "sha512-YkXBK/H9raAmG7KXck+UUpnKiNmUdB+aBGrknfQ4EreE1banuzrKABx3jP6Z5Z3fMSPMQQmeXBlKpCbMwBkxVw=="
    },
    "unist-util-map": {
      "version": "1.0.4",
      "resolved": "https://registry.npmjs.org/unist-util-map/-/unist-util-map-1.0.4.tgz",
      "integrity": "sha512-Qv68pQz05hQbjPI+TubZQI5XII5DScRVWaKNc6+qfmHaFGxaGUbkV8i++mM2nk7XgwXE+vei99d/Q2d1tMA3EQ==",
      "requires": {
        "object-assign": "^4.0.1"
      }
    },
    "unist-util-size": {
      "version": "1.0.2",
      "resolved": "https://registry.npmjs.org/unist-util-size/-/unist-util-size-1.0.2.tgz",
      "integrity": "sha512-9hCQmlRfIOJUhxeIXUdIhBPrw2IzOo9qTxdaQiWliBLMpvcRKHiRPzsOu7XysgYPxKTWK27hsxXmh6DTXXrSnw==",
      "dev": true
    },
    "unist-util-stringify-position": {
      "version": "1.1.2",
      "resolved": "https://registry.npmjs.org/unist-util-stringify-position/-/unist-util-stringify-position-1.1.2.tgz",
      "integrity": "sha512-pNCVrk64LZv1kElr0N1wPiHEUoXNVFERp+mlTg/s9R5Lwg87f9bM/3sQB99w+N9D/qnM9ar3+AKDBwo/gm/iQQ==",
      "dev": true
    },
    "unist-util-visit": {
      "version": "1.4.0",
      "resolved": "https://registry.npmjs.org/unist-util-visit/-/unist-util-visit-1.4.0.tgz",
      "integrity": "sha512-FiGu34ziNsZA3ZUteZxSFaczIjGmksfSgdKqBfOejrrfzyUy5b7YrlzT1Bcvi+djkYDituJDy2XB7tGTeBieKw==",
      "requires": {
        "unist-util-visit-parents": "^2.0.0"
      }
    },
    "unist-util-visit-parents": {
      "version": "2.0.1",
      "resolved": "https://registry.npmjs.org/unist-util-visit-parents/-/unist-util-visit-parents-2.0.1.tgz",
      "integrity": "sha512-6B0UTiMfdWql4cQ03gDTCSns+64Zkfo2OCbK31Ov0uMizEz+CJeAp0cgZVb5Fhmcd7Bct2iRNywejT0orpbqUA==",
      "requires": {
        "unist-util-is": "^2.1.2"
      }
    },
    "vfile": {
      "version": "3.0.1",
      "resolved": "https://registry.npmjs.org/vfile/-/vfile-3.0.1.tgz",
      "integrity": "sha512-y7Y3gH9BsUSdD4KzHsuMaCzRjglXN0W2EcMf0gpvu6+SbsGhMje7xDc8AEoeXy6mIwCKMI6BkjMsRjzQbhMEjQ==",
      "dev": true,
      "requires": {
        "is-buffer": "^2.0.0",
        "replace-ext": "1.0.0",
        "unist-util-stringify-position": "^1.0.0",
        "vfile-message": "^1.0.0"
      }
    },
    "vfile-message": {
      "version": "1.1.1",
      "resolved": "https://registry.npmjs.org/vfile-message/-/vfile-message-1.1.1.tgz",
      "integrity": "sha512-1WmsopSGhWt5laNir+633LszXvZ+Z/lxveBf6yhGsqnQIhlhzooZae7zV6YVM1Sdkw68dtAW3ow0pOdPANugvA==",
      "dev": true,
      "requires": {
        "unist-util-stringify-position": "^1.1.1"
      }
    },
    "wrappy": {
      "version": "1.0.2",
      "resolved": "https://registry.npmjs.org/wrappy/-/wrappy-1.0.2.tgz",
      "integrity": "sha1-tSQ9jz7BqjXxNkYFvA0QNuMKtp8=",
      "dev": true
    },
    "x-is-array": {
      "version": "0.1.0",
      "resolved": "https://registry.npmjs.org/x-is-array/-/x-is-array-0.1.0.tgz",
      "integrity": "sha1-3lIBcdR7P0FvVYfWKbidJrEtwp0="
    },
    "x-is-object": {
      "version": "0.1.0",
      "resolved": "https://registry.npmjs.org/x-is-object/-/x-is-object-0.1.0.tgz",
      "integrity": "sha1-j5SW0Wht9IcVYJbnbKmUTvwVv+w="
    },
    "x-is-string": {
      "version": "0.1.0",
      "resolved": "https://registry.npmjs.org/x-is-string/-/x-is-string-0.1.0.tgz",
      "integrity": "sha1-R0tQhlrzpJqcRlfwWs0UVFj3fYI=",
      "dev": true
    },
    "zwitch": {
      "version": "1.0.3",
      "resolved": "https://registry.npmjs.org/zwitch/-/zwitch-1.0.3.tgz",
      "integrity": "sha512-aynRpmJDw7JIq6X4NDWJoiK1yVSiG57ArWSg4HLC1SFupX5/bo0Cf4jpX0ifwuzBfxpYBuNSyvMlWNNRuy3cVA=="
    }
  }
}
